// !$*UTF8*$!
{
	archiveVersion = 1;
	classes = {
	};
	objectVersion = 46;
	objects = {

/* Begin PBXBuildFile section */
		6212A95C2277EE4B009F60C8 /* FieldData.swift in Sources */ = {isa = PBXBuildFile; fileRef = 6212A95B2277EE4B009F60C8 /* FieldData.swift */; };
		6212A9602277F1AA009F60C8 /* Transformer.swift in Sources */ = {isa = PBXBuildFile; fileRef = 6212A95F2277F1AA009F60C8 /* Transformer.swift */; };
		6212A964227862B5009F60C8 /* GroupCell.swift in Sources */ = {isa = PBXBuildFile; fileRef = 6212A962227862B5009F60C8 /* GroupCell.swift */; };
		6212A965227862B5009F60C8 /* GroupCell.xib in Resources */ = {isa = PBXBuildFile; fileRef = 6212A963227862B5009F60C8 /* GroupCell.xib */; };
		6212A96722786A02009F60C8 /* Collections.storyboard in Resources */ = {isa = PBXBuildFile; fileRef = 6212A96622786A02009F60C8 /* Collections.storyboard */; };
		6213C6C02293763D00B27A07 /* FieldDetailsCell.swift in Sources */ = {isa = PBXBuildFile; fileRef = 6213C6BE2293763D00B27A07 /* FieldDetailsCell.swift */; };
		6213C6C12293763D00B27A07 /* FieldDetailsCell.xib in Resources */ = {isa = PBXBuildFile; fileRef = 6213C6BF2293763D00B27A07 /* FieldDetailsCell.xib */; };
		6213C6C422937FF800B27A07 /* AddFieldCell.swift in Sources */ = {isa = PBXBuildFile; fileRef = 6213C6C222937FF800B27A07 /* AddFieldCell.swift */; };
		6213C6C522937FF800B27A07 /* AddFieldCell.xib in Resources */ = {isa = PBXBuildFile; fileRef = 6213C6C322937FF800B27A07 /* AddFieldCell.xib */; };
		6213C6C7229381A100B27A07 /* String.swift in Sources */ = {isa = PBXBuildFile; fileRef = 6213C6C6229381A100B27A07 /* String.swift */; };
		6215AACB1BFCE79B007ADC84 /* YearPickerVC.swift in Sources */ = {isa = PBXBuildFile; fileRef = 6215AACA1BFCE79B007ADC84 /* YearPickerVC.swift */; };
		6215AACD1BFD0E4A007ADC84 /* DatePickerVC.swift in Sources */ = {isa = PBXBuildFile; fileRef = 6215AACC1BFD0E4A007ADC84 /* DatePickerVC.swift */; };
		6217D54D1BFA4140004D5E8E /* SignUpTVC.swift in Sources */ = {isa = PBXBuildFile; fileRef = 6217D54C1BFA4140004D5E8E /* SignUpTVC.swift */; };
		6217D54F1BFA5FB1004D5E8E /* UserTVC.swift in Sources */ = {isa = PBXBuildFile; fileRef = 6217D54E1BFA5FB1004D5E8E /* UserTVC.swift */; };
		6222B33B1BEA692D00254324 /* DesignableView.swift in Sources */ = {isa = PBXBuildFile; fileRef = 6222B33A1BEA692D00254324 /* DesignableView.swift */; };
		625E596C2268F826003FFCEF /* Login.storyboard in Resources */ = {isa = PBXBuildFile; fileRef = 625E596B2268F826003FFCEF /* Login.storyboard */; };
		627632FF2267F6D000379B74 /* LoginPresenter.swift in Sources */ = {isa = PBXBuildFile; fileRef = 627632F82267F6D000379B74 /* LoginPresenter.swift */; };
		627633012267F6D000379B74 /* LoginRouter.swift in Sources */ = {isa = PBXBuildFile; fileRef = 627632FA2267F6D000379B74 /* LoginRouter.swift */; };
		627633032267F6D000379B74 /* LoginVC.swift in Sources */ = {isa = PBXBuildFile; fileRef = 627632FC2267F6D000379B74 /* LoginVC.swift */; };
		627633042267F6D000379B74 /* LoginInteractor.swift in Sources */ = {isa = PBXBuildFile; fileRef = 627632FD2267F6D000379B74 /* LoginInteractor.swift */; };
		627633052267F6D000379B74 /* LoginConfigurator.swift in Sources */ = {isa = PBXBuildFile; fileRef = 627632FE2267F6D000379B74 /* LoginConfigurator.swift */; };
		627B538E226347440017FEAB /* GoogleService-Info.plist in Resources */ = {isa = PBXBuildFile; fileRef = 627B538D226347440017FEAB /* GoogleService-Info.plist */; };
		627EFA2E1C06108B00039BF5 /* LaunchScreen.storyboard in Resources */ = {isa = PBXBuildFile; fileRef = 627EFA2D1C06108B00039BF5 /* LaunchScreen.storyboard */; };
		627EFA301C06109500039BF5 /* AddNewFieldCell.xib in Resources */ = {isa = PBXBuildFile; fileRef = 627EFA2F1C06109500039BF5 /* AddNewFieldCell.xib */; };
		627EFA311C06113200039BF5 /* Main.storyboard in Resources */ = {isa = PBXBuildFile; fileRef = 627EFA331C06113200039BF5 /* Main.storyboard */; };
		627EFA371C0611ED00039BF5 /* Items.storyboard in Resources */ = {isa = PBXBuildFile; fileRef = 627EFA391C0611ED00039BF5 /* Items.storyboard */; };
		628BFDE61BF126A30005BB1D /* OnlineSwitchCell.swift in Sources */ = {isa = PBXBuildFile; fileRef = 628BFDE51BF126A30005BB1D /* OnlineSwitchCell.swift */; };
		628BFDE81BF127BA0005BB1D /* SharedSwitchCell.swift in Sources */ = {isa = PBXBuildFile; fileRef = 628BFDE71BF127BA0005BB1D /* SharedSwitchCell.swift */; };
		628EEC5B228E36C700C3B48F /* Groups.storyboard in Resources */ = {isa = PBXBuildFile; fileRef = 628EEC5A228E36C700C3B48F /* Groups.storyboard */; };
		628EEC5E228E3D4D00C3B48F /* GroupTypeVC.swift in Sources */ = {isa = PBXBuildFile; fileRef = 628EEC5D228E3D4D00C3B48F /* GroupTypeVC.swift */; };
		628EEC60228E3D8800C3B48F /* GroupTypeInteractor.swift in Sources */ = {isa = PBXBuildFile; fileRef = 628EEC5F228E3D8800C3B48F /* GroupTypeInteractor.swift */; };
		628EEC62228E3DB100C3B48F /* GroupTypePresenter.swift in Sources */ = {isa = PBXBuildFile; fileRef = 628EEC61228E3DB100C3B48F /* GroupTypePresenter.swift */; };
		628EEC64228E3E1B00C3B48F /* GroupTypeRouter.swift in Sources */ = {isa = PBXBuildFile; fileRef = 628EEC63228E3E1B00C3B48F /* GroupTypeRouter.swift */; };
		628EEC66228E3ED600C3B48F /* GroupTypeConfigurator.swift in Sources */ = {isa = PBXBuildFile; fileRef = 628EEC65228E3ED600C3B48F /* GroupTypeConfigurator.swift */; };
		628EEC68228E3FCE00C3B48F /* GroupTypeWorker.swift in Sources */ = {isa = PBXBuildFile; fileRef = 628EEC67228E3FCE00C3B48F /* GroupTypeWorker.swift */; };
		628EEC6D228EEF1400C3B48F /* Color.swift in Sources */ = {isa = PBXBuildFile; fileRef = 628EEC6C228EEF1400C3B48F /* Color.swift */; };
		628EEC70228EF24600C3B48F /* GroupTypeCell.swift in Sources */ = {isa = PBXBuildFile; fileRef = 628EEC6E228EF24600C3B48F /* GroupTypeCell.swift */; };
		628EEC71228EF24600C3B48F /* GroupTypeCell.xib in Resources */ = {isa = PBXBuildFile; fileRef = 628EEC6F228EF24600C3B48F /* GroupTypeCell.xib */; };
		62903BA9228B971700D505A4 /* NewGroupVC.swift in Sources */ = {isa = PBXBuildFile; fileRef = 62903BA8228B971700D505A4 /* NewGroupVC.swift */; };
		62903BAB228B979200D505A4 /* NewGroupPresenter.swift in Sources */ = {isa = PBXBuildFile; fileRef = 62903BAA228B979200D505A4 /* NewGroupPresenter.swift */; };
		62903BAD228B97D200D505A4 /* NewGroupInteractor.swift in Sources */ = {isa = PBXBuildFile; fileRef = 62903BAC228B97D200D505A4 /* NewGroupInteractor.swift */; };
		62903BAF228B980E00D505A4 /* NewGroupRouter.swift in Sources */ = {isa = PBXBuildFile; fileRef = 62903BAE228B980E00D505A4 /* NewGroupRouter.swift */; };
		62903BB1228B989800D505A4 /* NewGroupConfigurator.swift in Sources */ = {isa = PBXBuildFile; fileRef = 62903BB0228B989800D505A4 /* NewGroupConfigurator.swift */; };
		62903BB3228B9A2700D505A4 /* NewGroupWorker.swift in Sources */ = {isa = PBXBuildFile; fileRef = 62903BB2228B9A2700D505A4 /* NewGroupWorker.swift */; };
		6297B0D72266C3DA0031F52B /* Collecionarium.xcdatamodeld in Sources */ = {isa = PBXBuildFile; fileRef = 6297B0D52266C3DA0031F52B /* Collecionarium.xcdatamodeld */; };
		6297B0E32266C4680031F52B /* Value.swift in Sources */ = {isa = PBXBuildFile; fileRef = 6297B0D92266C4680031F52B /* Value.swift */; };
		6297B0E42266C4680031F52B /* Item.swift in Sources */ = {isa = PBXBuildFile; fileRef = 6297B0DA2266C4680031F52B /* Item.swift */; };
		6297B0E52266C4680031F52B /* Field.swift in Sources */ = {isa = PBXBuildFile; fileRef = 6297B0DB2266C4680031F52B /* Field.swift */; };
		6297B0EF2266C8050031F52B /* Group.swift in Sources */ = {isa = PBXBuildFile; fileRef = 6297B0EE2266C8050031F52B /* Group.swift */; };
		629A69451BF5240D0071CE6E /* UserItemVC.swift in Sources */ = {isa = PBXBuildFile; fileRef = 629A69441BF5240D0071CE6E /* UserItemVC.swift */; };
		62B9273F1BF39B42000D02DF /* NewsTVC.swift in Sources */ = {isa = PBXBuildFile; fileRef = 62B9273E1BF39B42000D02DF /* NewsTVC.swift */; };
		62B927411BF3A10F000D02DF /* SearchTVC.swift in Sources */ = {isa = PBXBuildFile; fileRef = 62B927401BF3A10F000D02DF /* SearchTVC.swift */; };
		62CA09D522938A2400D561DA /* AddFieldVC.swift in Sources */ = {isa = PBXBuildFile; fileRef = 62CA09D422938A2400D561DA /* AddFieldVC.swift */; };
		62CA09D82293928000D561DA /* ChooseColorVC.swift in Sources */ = {isa = PBXBuildFile; fileRef = 62CA09D72293928000D561DA /* ChooseColorVC.swift */; };
		62CA09DA2293960700D561DA /* ChooseColorRouter.swift in Sources */ = {isa = PBXBuildFile; fileRef = 62CA09D92293960700D561DA /* ChooseColorRouter.swift */; };
		62CA09DC2293966E00D561DA /* ChooseColorConfigurator.swift in Sources */ = {isa = PBXBuildFile; fileRef = 62CA09DB2293966E00D561DA /* ChooseColorConfigurator.swift */; };
		62CA09DE22939D6000D561DA /* AddFieldRouter.swift in Sources */ = {isa = PBXBuildFile; fileRef = 62CA09DD22939D6000D561DA /* AddFieldRouter.swift */; };
		62CA09E022939F9200D561DA /* Pickers.storyboard in Resources */ = {isa = PBXBuildFile; fileRef = 62CA09DF22939F9200D561DA /* Pickers.storyboard */; };
		62CA09E42293A49E00D561DA /* CustomPickerVC.swift in Sources */ = {isa = PBXBuildFile; fileRef = 62CA09E32293A49E00D561DA /* CustomPickerVC.swift */; };
		62CA09E62293AAE300D561DA /* AddFieldConfigurator.swift in Sources */ = {isa = PBXBuildFile; fileRef = 62CA09E52293AAE300D561DA /* AddFieldConfigurator.swift */; };
		62D6138F1C09ACCA006C2365 /* Localizable.strings in Resources */ = {isa = PBXBuildFile; fileRef = 62D613911C09ACCA006C2365 /* Localizable.strings */; };
		62D613971C0B1DE2006C2365 /* Number.xib in Resources */ = {isa = PBXBuildFile; fileRef = 62D613991C0B1DE2006C2365 /* Number.xib */; };
		62D6139C1C0B1E07006C2365 /* String.xib in Resources */ = {isa = PBXBuildFile; fileRef = 62D6139E1C0B1E07006C2365 /* String.xib */; };
		62D613A11C0B1E50006C2365 /* Year.xib in Resources */ = {isa = PBXBuildFile; fileRef = 62D613A31C0B1E50006C2365 /* Year.xib */; };
		62D61F751BE92BFB0058D1EF /* CollectionManager.swift in Sources */ = {isa = PBXBuildFile; fileRef = 62D61F6C1BE92BFB0058D1EF /* CollectionManager.swift */; };
		62D61F781BE92BFB0058D1EF /* ItemManager.swift in Sources */ = {isa = PBXBuildFile; fileRef = 62D61F6F1BE92BFB0058D1EF /* ItemManager.swift */; };
		62D61F7C1BE92BFB0058D1EF /* PreDefCollectionManager.swift in Sources */ = {isa = PBXBuildFile; fileRef = 62D61F731BE92BFB0058D1EF /* PreDefCollectionManager.swift */; };
		62D61FB51BE92DB70058D1EF /* AddNewFieldCell.swift in Sources */ = {isa = PBXBuildFile; fileRef = 62D61F801BE92DB70058D1EF /* AddNewFieldCell.swift */; };
		62D61FB61BE92DB70058D1EF /* AppDelegate.swift in Sources */ = {isa = PBXBuildFile; fileRef = 62D61F811BE92DB70058D1EF /* AppDelegate.swift */; };
		62D61FB71BE92DB70058D1EF /* Assets.xcassets in Resources */ = {isa = PBXBuildFile; fileRef = 62D61F821BE92DB70058D1EF /* Assets.xcassets */; };
		62D61FB91BE92DB70058D1EF /* Boolean.xib in Resources */ = {isa = PBXBuildFile; fileRef = 62D61F841BE92DB70058D1EF /* Boolean.xib */; };
		62D61FBB1BE92DB70058D1EF /* CollectionsTableView.swift in Sources */ = {isa = PBXBuildFile; fileRef = 62D61F871BE92DB70058D1EF /* CollectionsTableView.swift */; };
		62D61FBC1BE92DB70058D1EF /* CollNameCell.swift in Sources */ = {isa = PBXBuildFile; fileRef = 62D61F881BE92DB70058D1EF /* CollNameCell.swift */; };
		62D61FBE1BE92DB70058D1EF /* Date.xib in Resources */ = {isa = PBXBuildFile; fileRef = 62D61F8A1BE92DB70058D1EF /* Date.xib */; };
		62D61FC01BE92DB70058D1EF /* DetailTableView.swift in Sources */ = {isa = PBXBuildFile; fileRef = 62D61F8C1BE92DB70058D1EF /* DetailTableView.swift */; };
		62D61FC21BE92DB70058D1EF /* TradeEventsTVC.swift in Sources */ = {isa = PBXBuildFile; fileRef = 62D61F8E1BE92DB70058D1EF /* TradeEventsTVC.swift */; };
		62D61FC31BE92DB70058D1EF /* EventCell.swift in Sources */ = {isa = PBXBuildFile; fileRef = 62D61F8F1BE92DB70058D1EF /* EventCell.swift */; };
		62D61FC41BE92DB70058D1EF /* EventCell.xib in Resources */ = {isa = PBXBuildFile; fileRef = 62D61F901BE92DB70058D1EF /* EventCell.xib */; };
		62D61FC51BE92DB70058D1EF /* FieldNameCell.swift in Sources */ = {isa = PBXBuildFile; fileRef = 62D61F911BE92DB70058D1EF /* FieldNameCell.swift */; };
		62D61FC61BE92DB70058D1EF /* FieldTypeCell.swift in Sources */ = {isa = PBXBuildFile; fileRef = 62D61F921BE92DB70058D1EF /* FieldTypeCell.swift */; };
		62D61FC71BE92DB70058D1EF /* Hey.swift in Sources */ = {isa = PBXBuildFile; fileRef = 62D61F931BE92DB70058D1EF /* Hey.swift */; };
		62D61FCA1BE92DB70058D1EF /* ItemBoolCell.swift in Sources */ = {isa = PBXBuildFile; fileRef = 62D61F961BE92DB70058D1EF /* ItemBoolCell.swift */; };
		62D61FCB1BE92DB70058D1EF /* ItemCell.swift in Sources */ = {isa = PBXBuildFile; fileRef = 62D61F971BE92DB70058D1EF /* ItemCell.swift */; };
		62D61FCC1BE92DB70058D1EF /* ItemDateCell.swift in Sources */ = {isa = PBXBuildFile; fileRef = 62D61F981BE92DB70058D1EF /* ItemDateCell.swift */; };
		62D61FCD1BE92DB70058D1EF /* ItemDetailCell.swift in Sources */ = {isa = PBXBuildFile; fileRef = 62D61F991BE92DB70058D1EF /* ItemDetailCell.swift */; };
		62D61FCF1BE92DB70058D1EF /* ItemFieldDelegate.swift in Sources */ = {isa = PBXBuildFile; fileRef = 62D61F9B1BE92DB70058D1EF /* ItemFieldDelegate.swift */; };
		62D61FD01BE92DB70058D1EF /* ItemIntCell.swift in Sources */ = {isa = PBXBuildFile; fileRef = 62D61F9C1BE92DB70058D1EF /* ItemIntCell.swift */; };
		62D61FD11BE92DB70058D1EF /* ItemPhotoCell.swift in Sources */ = {isa = PBXBuildFile; fileRef = 62D61F9D1BE92DB70058D1EF /* ItemPhotoCell.swift */; };
		62D61FD31BE92DB70058D1EF /* ItemsCollectionView.swift in Sources */ = {isa = PBXBuildFile; fileRef = 62D61F9F1BE92DB70058D1EF /* ItemsCollectionView.swift */; };
		62D61FD41BE92DB70058D1EF /* ItemStringCell.swift in Sources */ = {isa = PBXBuildFile; fileRef = 62D61FA01BE92DB70058D1EF /* ItemStringCell.swift */; };
		62D61FD51BE92DB70058D1EF /* ItemTextCell.swift in Sources */ = {isa = PBXBuildFile; fileRef = 62D61FA11BE92DB70058D1EF /* ItemTextCell.swift */; };
		62D61FD61BE92DB70058D1EF /* ItemYearCell.swift in Sources */ = {isa = PBXBuildFile; fileRef = 62D61FA21BE92DB70058D1EF /* ItemYearCell.swift */; };
		62D61FD71BE92DB70058D1EF /* ItemYearCell2.swift in Sources */ = {isa = PBXBuildFile; fileRef = 62D61FA31BE92DB70058D1EF /* ItemYearCell2.swift */; };
		62D61FD91BE92DB70058D1EF /* LoginViewController.swift in Sources */ = {isa = PBXBuildFile; fileRef = 62D61FA51BE92DB70058D1EF /* LoginViewController.swift */; };
		62D61FDA1BE92DB70058D1EF /* NewCollectionTableView.swift in Sources */ = {isa = PBXBuildFile; fileRef = 62D61FA61BE92DB70058D1EF /* NewCollectionTableView.swift */; };
		62D61FDB1BE92DB70058D1EF /* NewFieldTableView.swift in Sources */ = {isa = PBXBuildFile; fileRef = 62D61FA71BE92DB70058D1EF /* NewFieldTableView.swift */; };
		62D61FDD1BE92DB70058D1EF /* PhotoDetails.swift in Sources */ = {isa = PBXBuildFile; fileRef = 62D61FA91BE92DB70058D1EF /* PhotoDetails.swift */; };
		62D61FDF1BE92DB70058D1EF /* PhotosTableViewCell.swift in Sources */ = {isa = PBXBuildFile; fileRef = 62D61FAB1BE92DB70058D1EF /* PhotosTableViewCell.swift */; };
		62D61FE01BE92DB70058D1EF /* PreDefCell.swift in Sources */ = {isa = PBXBuildFile; fileRef = 62D61FAC1BE92DB70058D1EF /* PreDefCell.swift */; };
		62D61FE11BE92DB70058D1EF /* PredefinedCollectionsView.swift in Sources */ = {isa = PBXBuildFile; fileRef = 62D61FAD1BE92DB70058D1EF /* PredefinedCollectionsView.swift */; };
		62D61FE41BE92DB70058D1EF /* Text.xib in Resources */ = {isa = PBXBuildFile; fileRef = 62D61FB01BE92DB70058D1EF /* Text.xib */; };
		62D61FE51BE92DB70058D1EF /* TitleFieldCell.swift in Sources */ = {isa = PBXBuildFile; fileRef = 62D61FB11BE92DB70058D1EF /* TitleFieldCell.swift */; };
		62D61FE61BE92DB70058D1EF /* Tutorial.swift in Sources */ = {isa = PBXBuildFile; fileRef = 62D61FB21BE92DB70058D1EF /* Tutorial.swift */; };
		62F7EB2C1BF4F69100887DD3 /* UserCollectionVC.swift in Sources */ = {isa = PBXBuildFile; fileRef = 62F7EB2B1BF4F69100887DD3 /* UserCollectionVC.swift */; };
		62FCE25A227621D000272AC5 /* GroupListVC.swift in Sources */ = {isa = PBXBuildFile; fileRef = 62FCE259227621D000272AC5 /* GroupListVC.swift */; };
		62FCE25C2276224100272AC5 /* GroupListInteractor.swift in Sources */ = {isa = PBXBuildFile; fileRef = 62FCE25B2276224100272AC5 /* GroupListInteractor.swift */; };
		62FCE25E2276249C00272AC5 /* GroupListPresenter.swift in Sources */ = {isa = PBXBuildFile; fileRef = 62FCE25D2276249C00272AC5 /* GroupListPresenter.swift */; };
		62FCE260227628DC00272AC5 /* GroupListRouter.swift in Sources */ = {isa = PBXBuildFile; fileRef = 62FCE25F227628DC00272AC5 /* GroupListRouter.swift */; };
		62FCE262227630B900272AC5 /* GroupListConfigurator.swift in Sources */ = {isa = PBXBuildFile; fileRef = 62FCE261227630B900272AC5 /* GroupListConfigurator.swift */; };
		62FCE268227674F400272AC5 /* BaseDAO.swift in Sources */ = {isa = PBXBuildFile; fileRef = 62FCE267227674F400272AC5 /* BaseDAO.swift */; };
		62FCE26A2276764000272AC5 /* CoreDataManager.swift in Sources */ = {isa = PBXBuildFile; fileRef = 62FCE2692276764000272AC5 /* CoreDataManager.swift */; };
		62FCE26C227698B500272AC5 /* GroupDAO.swift in Sources */ = {isa = PBXBuildFile; fileRef = 62FCE26B227698B500272AC5 /* GroupDAO.swift */; };
		62FCE26E2277E7C100272AC5 /* FieldDAO.swift in Sources */ = {isa = PBXBuildFile; fileRef = 62FCE26D2277E7C100272AC5 /* FieldDAO.swift */; };
		62FCE2702277EBE200272AC5 /* GroupListWorker.swift in Sources */ = {isa = PBXBuildFile; fileRef = 62FCE26F2277EBE200272AC5 /* GroupListWorker.swift */; };
		62FCE2742277ED2700272AC5 /* GroupData.swift in Sources */ = {isa = PBXBuildFile; fileRef = 62FCE2732277ED2700272AC5 /* GroupData.swift */; };
		62FF3ED81BF65151006A134D /* UserItemPhotoCell.swift in Sources */ = {isa = PBXBuildFile; fileRef = 62FF3ED71BF65151006A134D /* UserItemPhotoCell.swift */; };
		8B6512BEF6168932A88AFA72 /* Pods_Collecionarium.framework in Frameworks */ = {isa = PBXBuildFile; fileRef = C6848463C28391E389F79ABB /* Pods_Collecionarium.framework */; };
/* End PBXBuildFile section */

/* Begin PBXFileReference section */
		6212A95B2277EE4B009F60C8 /* FieldData.swift */ = {isa = PBXFileReference; lastKnownFileType = sourcecode.swift; path = FieldData.swift; sourceTree = "<group>"; };
		6212A95F2277F1AA009F60C8 /* Transformer.swift */ = {isa = PBXFileReference; lastKnownFileType = sourcecode.swift; path = Transformer.swift; sourceTree = "<group>"; };
		6212A962227862B5009F60C8 /* GroupCell.swift */ = {isa = PBXFileReference; lastKnownFileType = sourcecode.swift; path = GroupCell.swift; sourceTree = "<group>"; };
		6212A963227862B5009F60C8 /* GroupCell.xib */ = {isa = PBXFileReference; lastKnownFileType = file.xib; path = GroupCell.xib; sourceTree = "<group>"; };
		6212A96622786A02009F60C8 /* Collections.storyboard */ = {isa = PBXFileReference; lastKnownFileType = file.storyboard; path = Collections.storyboard; sourceTree = "<group>"; };
		6213C6BE2293763D00B27A07 /* FieldDetailsCell.swift */ = {isa = PBXFileReference; lastKnownFileType = sourcecode.swift; path = FieldDetailsCell.swift; sourceTree = "<group>"; };
		6213C6BF2293763D00B27A07 /* FieldDetailsCell.xib */ = {isa = PBXFileReference; lastKnownFileType = file.xib; path = FieldDetailsCell.xib; sourceTree = "<group>"; };
		6213C6C222937FF800B27A07 /* AddFieldCell.swift */ = {isa = PBXFileReference; lastKnownFileType = sourcecode.swift; path = AddFieldCell.swift; sourceTree = "<group>"; };
		6213C6C322937FF800B27A07 /* AddFieldCell.xib */ = {isa = PBXFileReference; lastKnownFileType = file.xib; path = AddFieldCell.xib; sourceTree = "<group>"; };
		6213C6C6229381A100B27A07 /* String.swift */ = {isa = PBXFileReference; lastKnownFileType = sourcecode.swift; path = String.swift; sourceTree = "<group>"; };
		6215AACA1BFCE79B007ADC84 /* YearPickerVC.swift */ = {isa = PBXFileReference; fileEncoding = 4; lastKnownFileType = sourcecode.swift; path = YearPickerVC.swift; sourceTree = "<group>"; };
		6215AACC1BFD0E4A007ADC84 /* DatePickerVC.swift */ = {isa = PBXFileReference; fileEncoding = 4; lastKnownFileType = sourcecode.swift; path = DatePickerVC.swift; sourceTree = "<group>"; };
		6217D54C1BFA4140004D5E8E /* SignUpTVC.swift */ = {isa = PBXFileReference; fileEncoding = 4; lastKnownFileType = sourcecode.swift; path = SignUpTVC.swift; sourceTree = "<group>"; };
		6217D54E1BFA5FB1004D5E8E /* UserTVC.swift */ = {isa = PBXFileReference; fileEncoding = 4; lastKnownFileType = sourcecode.swift; path = UserTVC.swift; sourceTree = "<group>"; };
		6222B33A1BEA692D00254324 /* DesignableView.swift */ = {isa = PBXFileReference; fileEncoding = 4; lastKnownFileType = sourcecode.swift; path = DesignableView.swift; sourceTree = "<group>"; };
		623FD4D11BF91D8300154E16 /* Info.plist */ = {isa = PBXFileReference; fileEncoding = 4; lastKnownFileType = text.plist.xml; path = Info.plist; sourceTree = "<group>"; };
		625E596B2268F826003FFCEF /* Login.storyboard */ = {isa = PBXFileReference; lastKnownFileType = file.storyboard; path = Login.storyboard; sourceTree = "<group>"; };
		627632F82267F6D000379B74 /* LoginPresenter.swift */ = {isa = PBXFileReference; lastKnownFileType = sourcecode.swift; path = LoginPresenter.swift; sourceTree = "<group>"; };
		627632FA2267F6D000379B74 /* LoginRouter.swift */ = {isa = PBXFileReference; lastKnownFileType = sourcecode.swift; path = LoginRouter.swift; sourceTree = "<group>"; };
		627632FC2267F6D000379B74 /* LoginVC.swift */ = {isa = PBXFileReference; lastKnownFileType = sourcecode.swift; path = LoginVC.swift; sourceTree = "<group>"; };
		627632FD2267F6D000379B74 /* LoginInteractor.swift */ = {isa = PBXFileReference; lastKnownFileType = sourcecode.swift; path = LoginInteractor.swift; sourceTree = "<group>"; };
		627632FE2267F6D000379B74 /* LoginConfigurator.swift */ = {isa = PBXFileReference; lastKnownFileType = sourcecode.swift; path = LoginConfigurator.swift; sourceTree = "<group>"; };
		627B538D226347440017FEAB /* GoogleService-Info.plist */ = {isa = PBXFileReference; fileEncoding = 4; lastKnownFileType = text.plist.xml; path = "GoogleService-Info.plist"; sourceTree = "<group>"; };
		627EFA2D1C06108B00039BF5 /* LaunchScreen.storyboard */ = {isa = PBXFileReference; fileEncoding = 4; lastKnownFileType = file.storyboard; path = LaunchScreen.storyboard; sourceTree = "<group>"; };
		627EFA2F1C06109500039BF5 /* AddNewFieldCell.xib */ = {isa = PBXFileReference; fileEncoding = 4; lastKnownFileType = file.xib; path = AddNewFieldCell.xib; sourceTree = "<group>"; };
		627EFA351C06119C00039BF5 /* Base */ = {isa = PBXFileReference; lastKnownFileType = file.storyboard; name = Base; path = Base.lproj/Main.storyboard; sourceTree = "<group>"; };
		627EFA381C0611ED00039BF5 /* Base */ = {isa = PBXFileReference; lastKnownFileType = file.storyboard; name = Base; path = Base.lproj/Items.storyboard; sourceTree = "<group>"; };
		628BFDE51BF126A30005BB1D /* OnlineSwitchCell.swift */ = {isa = PBXFileReference; fileEncoding = 4; lastKnownFileType = sourcecode.swift; path = OnlineSwitchCell.swift; sourceTree = "<group>"; };
		628BFDE71BF127BA0005BB1D /* SharedSwitchCell.swift */ = {isa = PBXFileReference; fileEncoding = 4; lastKnownFileType = sourcecode.swift; path = SharedSwitchCell.swift; sourceTree = "<group>"; };
		628EEC5A228E36C700C3B48F /* Groups.storyboard */ = {isa = PBXFileReference; lastKnownFileType = file.storyboard; path = Groups.storyboard; sourceTree = "<group>"; };
		628EEC5D228E3D4D00C3B48F /* GroupTypeVC.swift */ = {isa = PBXFileReference; lastKnownFileType = sourcecode.swift; path = GroupTypeVC.swift; sourceTree = "<group>"; };
		628EEC5F228E3D8800C3B48F /* GroupTypeInteractor.swift */ = {isa = PBXFileReference; lastKnownFileType = sourcecode.swift; path = GroupTypeInteractor.swift; sourceTree = "<group>"; };
		628EEC61228E3DB100C3B48F /* GroupTypePresenter.swift */ = {isa = PBXFileReference; lastKnownFileType = sourcecode.swift; path = GroupTypePresenter.swift; sourceTree = "<group>"; };
		628EEC63228E3E1B00C3B48F /* GroupTypeRouter.swift */ = {isa = PBXFileReference; lastKnownFileType = sourcecode.swift; path = GroupTypeRouter.swift; sourceTree = "<group>"; };
		628EEC65228E3ED600C3B48F /* GroupTypeConfigurator.swift */ = {isa = PBXFileReference; lastKnownFileType = sourcecode.swift; path = GroupTypeConfigurator.swift; sourceTree = "<group>"; };
		628EEC67228E3FCE00C3B48F /* GroupTypeWorker.swift */ = {isa = PBXFileReference; lastKnownFileType = sourcecode.swift; path = GroupTypeWorker.swift; sourceTree = "<group>"; };
		628EEC6C228EEF1400C3B48F /* Color.swift */ = {isa = PBXFileReference; lastKnownFileType = sourcecode.swift; path = Color.swift; sourceTree = "<group>"; };
		628EEC6E228EF24600C3B48F /* GroupTypeCell.swift */ = {isa = PBXFileReference; lastKnownFileType = sourcecode.swift; path = GroupTypeCell.swift; sourceTree = "<group>"; };
		628EEC6F228EF24600C3B48F /* GroupTypeCell.xib */ = {isa = PBXFileReference; lastKnownFileType = file.xib; path = GroupTypeCell.xib; sourceTree = "<group>"; };
		62903BA8228B971700D505A4 /* NewGroupVC.swift */ = {isa = PBXFileReference; lastKnownFileType = sourcecode.swift; path = NewGroupVC.swift; sourceTree = "<group>"; };
		62903BAA228B979200D505A4 /* NewGroupPresenter.swift */ = {isa = PBXFileReference; lastKnownFileType = sourcecode.swift; path = NewGroupPresenter.swift; sourceTree = "<group>"; };
		62903BAC228B97D200D505A4 /* NewGroupInteractor.swift */ = {isa = PBXFileReference; lastKnownFileType = sourcecode.swift; path = NewGroupInteractor.swift; sourceTree = "<group>"; };
		62903BAE228B980E00D505A4 /* NewGroupRouter.swift */ = {isa = PBXFileReference; lastKnownFileType = sourcecode.swift; path = NewGroupRouter.swift; sourceTree = "<group>"; };
		62903BB0228B989800D505A4 /* NewGroupConfigurator.swift */ = {isa = PBXFileReference; lastKnownFileType = sourcecode.swift; path = NewGroupConfigurator.swift; sourceTree = "<group>"; };
		62903BB2228B9A2700D505A4 /* NewGroupWorker.swift */ = {isa = PBXFileReference; lastKnownFileType = sourcecode.swift; path = NewGroupWorker.swift; sourceTree = "<group>"; };
		6297B0D62266C3DA0031F52B /* Collecionarium.xcdatamodel */ = {isa = PBXFileReference; lastKnownFileType = wrapper.xcdatamodel; path = Collecionarium.xcdatamodel; sourceTree = "<group>"; };
		6297B0D92266C4680031F52B /* Value.swift */ = {isa = PBXFileReference; fileEncoding = 4; lastKnownFileType = sourcecode.swift; path = Value.swift; sourceTree = "<group>"; };
		6297B0DA2266C4680031F52B /* Item.swift */ = {isa = PBXFileReference; fileEncoding = 4; lastKnownFileType = sourcecode.swift; path = Item.swift; sourceTree = "<group>"; };
		6297B0DB2266C4680031F52B /* Field.swift */ = {isa = PBXFileReference; fileEncoding = 4; lastKnownFileType = sourcecode.swift; path = Field.swift; sourceTree = "<group>"; };
		6297B0EE2266C8050031F52B /* Group.swift */ = {isa = PBXFileReference; lastKnownFileType = sourcecode.swift; name = Group.swift; path = /Users/gondekr/Workspace/Collecionarium/Collecionarium/Model/Entity/Group.swift; sourceTree = "<absolute>"; };
		629A69441BF5240D0071CE6E /* UserItemVC.swift */ = {isa = PBXFileReference; fileEncoding = 4; lastKnownFileType = sourcecode.swift; path = UserItemVC.swift; sourceTree = "<group>"; };
		62B9273E1BF39B42000D02DF /* NewsTVC.swift */ = {isa = PBXFileReference; fileEncoding = 4; lastKnownFileType = sourcecode.swift; path = NewsTVC.swift; sourceTree = "<group>"; };
		62B927401BF3A10F000D02DF /* SearchTVC.swift */ = {isa = PBXFileReference; fileEncoding = 4; lastKnownFileType = sourcecode.swift; path = SearchTVC.swift; sourceTree = "<group>"; };
		62CA09D422938A2400D561DA /* AddFieldVC.swift */ = {isa = PBXFileReference; lastKnownFileType = sourcecode.swift; path = AddFieldVC.swift; sourceTree = "<group>"; };
		62CA09D72293928000D561DA /* ChooseColorVC.swift */ = {isa = PBXFileReference; lastKnownFileType = sourcecode.swift; path = ChooseColorVC.swift; sourceTree = "<group>"; };
		62CA09D92293960700D561DA /* ChooseColorRouter.swift */ = {isa = PBXFileReference; lastKnownFileType = sourcecode.swift; path = ChooseColorRouter.swift; sourceTree = "<group>"; };
		62CA09DB2293966E00D561DA /* ChooseColorConfigurator.swift */ = {isa = PBXFileReference; lastKnownFileType = sourcecode.swift; path = ChooseColorConfigurator.swift; sourceTree = "<group>"; };
		62CA09DD22939D6000D561DA /* AddFieldRouter.swift */ = {isa = PBXFileReference; lastKnownFileType = sourcecode.swift; path = AddFieldRouter.swift; sourceTree = "<group>"; };
		62CA09DF22939F9200D561DA /* Pickers.storyboard */ = {isa = PBXFileReference; lastKnownFileType = file.storyboard; path = Pickers.storyboard; sourceTree = "<group>"; };
		62CA09E32293A49E00D561DA /* CustomPickerVC.swift */ = {isa = PBXFileReference; lastKnownFileType = sourcecode.swift; path = CustomPickerVC.swift; sourceTree = "<group>"; };
		62CA09E52293AAE300D561DA /* AddFieldConfigurator.swift */ = {isa = PBXFileReference; lastKnownFileType = sourcecode.swift; path = AddFieldConfigurator.swift; sourceTree = "<group>"; };
		62D613901C09ACCA006C2365 /* Base */ = {isa = PBXFileReference; lastKnownFileType = text.plist.strings; name = Base; path = Base.lproj/Localizable.strings; sourceTree = "<group>"; };
		62D613921C09ACCC006C2365 /* pt-BR */ = {isa = PBXFileReference; lastKnownFileType = text.plist.strings; name = "pt-BR"; path = "pt-BR.lproj/Localizable.strings"; sourceTree = "<group>"; };
		62D613941C0B1B99006C2365 /* pt-BR */ = {isa = PBXFileReference; lastKnownFileType = text.plist.strings; name = "pt-BR"; path = "pt-BR.lproj/Main.strings"; sourceTree = "<group>"; };
		62D613961C0B1D3E006C2365 /* pt-BR */ = {isa = PBXFileReference; lastKnownFileType = text.plist.strings; name = "pt-BR"; path = "pt-BR.lproj/Items.strings"; sourceTree = "<group>"; };
		62D613981C0B1DE2006C2365 /* Base */ = {isa = PBXFileReference; lastKnownFileType = file.xib; name = Base; path = Base.lproj/Number.xib; sourceTree = "<group>"; };
		62D6139B1C0B1DE4006C2365 /* pt-BR */ = {isa = PBXFileReference; lastKnownFileType = text.plist.strings; name = "pt-BR"; path = "pt-BR.lproj/Number.strings"; sourceTree = "<group>"; };
		62D6139D1C0B1E07006C2365 /* Base */ = {isa = PBXFileReference; lastKnownFileType = file.xib; name = Base; path = Base.lproj/String.xib; sourceTree = "<group>"; };
		62D613A01C0B1E10006C2365 /* pt-BR */ = {isa = PBXFileReference; lastKnownFileType = text.plist.strings; name = "pt-BR"; path = "pt-BR.lproj/String.strings"; sourceTree = "<group>"; };
		62D613A21C0B1E50006C2365 /* Base */ = {isa = PBXFileReference; lastKnownFileType = file.xib; name = Base; path = Base.lproj/Year.xib; sourceTree = "<group>"; };
		62D613A51C0B1E53006C2365 /* pt-BR */ = {isa = PBXFileReference; lastKnownFileType = text.plist.strings; name = "pt-BR"; path = "pt-BR.lproj/Year.strings"; sourceTree = "<group>"; };
		62D61F531BE92B870058D1EF /* Collecionarium.app */ = {isa = PBXFileReference; explicitFileType = wrapper.application; includeInIndex = 0; path = Collecionarium.app; sourceTree = BUILT_PRODUCTS_DIR; };
		62D61F6C1BE92BFB0058D1EF /* CollectionManager.swift */ = {isa = PBXFileReference; fileEncoding = 4; lastKnownFileType = sourcecode.swift; path = CollectionManager.swift; sourceTree = "<group>"; };
		62D61F6F1BE92BFB0058D1EF /* ItemManager.swift */ = {isa = PBXFileReference; fileEncoding = 4; lastKnownFileType = sourcecode.swift; path = ItemManager.swift; sourceTree = "<group>"; };
		62D61F731BE92BFB0058D1EF /* PreDefCollectionManager.swift */ = {isa = PBXFileReference; fileEncoding = 4; lastKnownFileType = sourcecode.swift; path = PreDefCollectionManager.swift; sourceTree = "<group>"; };
		62D61F801BE92DB70058D1EF /* AddNewFieldCell.swift */ = {isa = PBXFileReference; fileEncoding = 4; lastKnownFileType = sourcecode.swift; path = AddNewFieldCell.swift; sourceTree = "<group>"; };
		62D61F811BE92DB70058D1EF /* AppDelegate.swift */ = {isa = PBXFileReference; fileEncoding = 4; lastKnownFileType = sourcecode.swift; path = AppDelegate.swift; sourceTree = "<group>"; };
		62D61F821BE92DB70058D1EF /* Assets.xcassets */ = {isa = PBXFileReference; lastKnownFileType = folder.assetcatalog; path = Assets.xcassets; sourceTree = "<group>"; };
		62D61F841BE92DB70058D1EF /* Boolean.xib */ = {isa = PBXFileReference; fileEncoding = 4; lastKnownFileType = file.xib; path = Boolean.xib; sourceTree = "<group>"; };
		62D61F871BE92DB70058D1EF /* CollectionsTableView.swift */ = {isa = PBXFileReference; fileEncoding = 4; lastKnownFileType = sourcecode.swift; path = CollectionsTableView.swift; sourceTree = "<group>"; };
		62D61F881BE92DB70058D1EF /* CollNameCell.swift */ = {isa = PBXFileReference; fileEncoding = 4; lastKnownFileType = sourcecode.swift; path = CollNameCell.swift; sourceTree = "<group>"; };
		62D61F8A1BE92DB70058D1EF /* Date.xib */ = {isa = PBXFileReference; fileEncoding = 4; lastKnownFileType = file.xib; path = Date.xib; sourceTree = "<group>"; };
		62D61F8C1BE92DB70058D1EF /* DetailTableView.swift */ = {isa = PBXFileReference; fileEncoding = 4; lastKnownFileType = sourcecode.swift; path = DetailTableView.swift; sourceTree = "<group>"; };
		62D61F8E1BE92DB70058D1EF /* TradeEventsTVC.swift */ = {isa = PBXFileReference; fileEncoding = 4; lastKnownFileType = sourcecode.swift; path = TradeEventsTVC.swift; sourceTree = "<group>"; };
		62D61F8F1BE92DB70058D1EF /* EventCell.swift */ = {isa = PBXFileReference; fileEncoding = 4; lastKnownFileType = sourcecode.swift; path = EventCell.swift; sourceTree = "<group>"; };
		62D61F901BE92DB70058D1EF /* EventCell.xib */ = {isa = PBXFileReference; fileEncoding = 4; lastKnownFileType = file.xib; path = EventCell.xib; sourceTree = "<group>"; };
		62D61F911BE92DB70058D1EF /* FieldNameCell.swift */ = {isa = PBXFileReference; fileEncoding = 4; lastKnownFileType = sourcecode.swift; path = FieldNameCell.swift; sourceTree = "<group>"; };
		62D61F921BE92DB70058D1EF /* FieldTypeCell.swift */ = {isa = PBXFileReference; fileEncoding = 4; lastKnownFileType = sourcecode.swift; path = FieldTypeCell.swift; sourceTree = "<group>"; };
		62D61F931BE92DB70058D1EF /* Hey.swift */ = {isa = PBXFileReference; fileEncoding = 4; lastKnownFileType = sourcecode.swift; path = Hey.swift; sourceTree = "<group>"; };
		62D61F961BE92DB70058D1EF /* ItemBoolCell.swift */ = {isa = PBXFileReference; fileEncoding = 4; lastKnownFileType = sourcecode.swift; path = ItemBoolCell.swift; sourceTree = "<group>"; };
		62D61F971BE92DB70058D1EF /* ItemCell.swift */ = {isa = PBXFileReference; fileEncoding = 4; lastKnownFileType = sourcecode.swift; path = ItemCell.swift; sourceTree = "<group>"; };
		62D61F981BE92DB70058D1EF /* ItemDateCell.swift */ = {isa = PBXFileReference; fileEncoding = 4; lastKnownFileType = sourcecode.swift; path = ItemDateCell.swift; sourceTree = "<group>"; };
		62D61F991BE92DB70058D1EF /* ItemDetailCell.swift */ = {isa = PBXFileReference; fileEncoding = 4; lastKnownFileType = sourcecode.swift; path = ItemDetailCell.swift; sourceTree = "<group>"; };
		62D61F9B1BE92DB70058D1EF /* ItemFieldDelegate.swift */ = {isa = PBXFileReference; fileEncoding = 4; lastKnownFileType = sourcecode.swift; path = ItemFieldDelegate.swift; sourceTree = "<group>"; };
		62D61F9C1BE92DB70058D1EF /* ItemIntCell.swift */ = {isa = PBXFileReference; fileEncoding = 4; lastKnownFileType = sourcecode.swift; path = ItemIntCell.swift; sourceTree = "<group>"; };
		62D61F9D1BE92DB70058D1EF /* ItemPhotoCell.swift */ = {isa = PBXFileReference; fileEncoding = 4; lastKnownFileType = sourcecode.swift; path = ItemPhotoCell.swift; sourceTree = "<group>"; };
		62D61F9F1BE92DB70058D1EF /* ItemsCollectionView.swift */ = {isa = PBXFileReference; fileEncoding = 4; lastKnownFileType = sourcecode.swift; path = ItemsCollectionView.swift; sourceTree = "<group>"; };
		62D61FA01BE92DB70058D1EF /* ItemStringCell.swift */ = {isa = PBXFileReference; fileEncoding = 4; lastKnownFileType = sourcecode.swift; path = ItemStringCell.swift; sourceTree = "<group>"; };
		62D61FA11BE92DB70058D1EF /* ItemTextCell.swift */ = {isa = PBXFileReference; fileEncoding = 4; lastKnownFileType = sourcecode.swift; path = ItemTextCell.swift; sourceTree = "<group>"; };
		62D61FA21BE92DB70058D1EF /* ItemYearCell.swift */ = {isa = PBXFileReference; fileEncoding = 4; lastKnownFileType = sourcecode.swift; path = ItemYearCell.swift; sourceTree = "<group>"; };
		62D61FA31BE92DB70058D1EF /* ItemYearCell2.swift */ = {isa = PBXFileReference; fileEncoding = 4; lastKnownFileType = sourcecode.swift; path = ItemYearCell2.swift; sourceTree = "<group>"; };
		62D61FA51BE92DB70058D1EF /* LoginViewController.swift */ = {isa = PBXFileReference; fileEncoding = 4; lastKnownFileType = sourcecode.swift; path = LoginViewController.swift; sourceTree = "<group>"; };
		62D61FA61BE92DB70058D1EF /* NewCollectionTableView.swift */ = {isa = PBXFileReference; fileEncoding = 4; lastKnownFileType = sourcecode.swift; path = NewCollectionTableView.swift; sourceTree = "<group>"; };
		62D61FA71BE92DB70058D1EF /* NewFieldTableView.swift */ = {isa = PBXFileReference; fileEncoding = 4; lastKnownFileType = sourcecode.swift; path = NewFieldTableView.swift; sourceTree = "<group>"; };
		62D61FA91BE92DB70058D1EF /* PhotoDetails.swift */ = {isa = PBXFileReference; fileEncoding = 4; lastKnownFileType = sourcecode.swift; path = PhotoDetails.swift; sourceTree = "<group>"; };
		62D61FAB1BE92DB70058D1EF /* PhotosTableViewCell.swift */ = {isa = PBXFileReference; fileEncoding = 4; lastKnownFileType = sourcecode.swift; path = PhotosTableViewCell.swift; sourceTree = "<group>"; };
		62D61FAC1BE92DB70058D1EF /* PreDefCell.swift */ = {isa = PBXFileReference; fileEncoding = 4; lastKnownFileType = sourcecode.swift; path = PreDefCell.swift; sourceTree = "<group>"; };
		62D61FAD1BE92DB70058D1EF /* PredefinedCollectionsView.swift */ = {isa = PBXFileReference; fileEncoding = 4; lastKnownFileType = sourcecode.swift; path = PredefinedCollectionsView.swift; sourceTree = "<group>"; };
		62D61FB01BE92DB70058D1EF /* Text.xib */ = {isa = PBXFileReference; fileEncoding = 4; lastKnownFileType = file.xib; path = Text.xib; sourceTree = "<group>"; };
		62D61FB11BE92DB70058D1EF /* TitleFieldCell.swift */ = {isa = PBXFileReference; fileEncoding = 4; lastKnownFileType = sourcecode.swift; path = TitleFieldCell.swift; sourceTree = "<group>"; };
		62D61FB21BE92DB70058D1EF /* Tutorial.swift */ = {isa = PBXFileReference; fileEncoding = 4; lastKnownFileType = sourcecode.swift; path = Tutorial.swift; sourceTree = "<group>"; };
		62F7EB2B1BF4F69100887DD3 /* UserCollectionVC.swift */ = {isa = PBXFileReference; fileEncoding = 4; lastKnownFileType = sourcecode.swift; path = UserCollectionVC.swift; sourceTree = "<group>"; };
		62FCE259227621D000272AC5 /* GroupListVC.swift */ = {isa = PBXFileReference; lastKnownFileType = sourcecode.swift; path = GroupListVC.swift; sourceTree = "<group>"; };
		62FCE25B2276224100272AC5 /* GroupListInteractor.swift */ = {isa = PBXFileReference; lastKnownFileType = sourcecode.swift; path = GroupListInteractor.swift; sourceTree = "<group>"; };
		62FCE25D2276249C00272AC5 /* GroupListPresenter.swift */ = {isa = PBXFileReference; lastKnownFileType = sourcecode.swift; path = GroupListPresenter.swift; sourceTree = "<group>"; };
		62FCE25F227628DC00272AC5 /* GroupListRouter.swift */ = {isa = PBXFileReference; lastKnownFileType = sourcecode.swift; path = GroupListRouter.swift; sourceTree = "<group>"; };
		62FCE261227630B900272AC5 /* GroupListConfigurator.swift */ = {isa = PBXFileReference; lastKnownFileType = sourcecode.swift; path = GroupListConfigurator.swift; sourceTree = "<group>"; };
		62FCE267227674F400272AC5 /* BaseDAO.swift */ = {isa = PBXFileReference; lastKnownFileType = sourcecode.swift; path = BaseDAO.swift; sourceTree = "<group>"; };
		62FCE2692276764000272AC5 /* CoreDataManager.swift */ = {isa = PBXFileReference; lastKnownFileType = sourcecode.swift; path = CoreDataManager.swift; sourceTree = "<group>"; };
		62FCE26B227698B500272AC5 /* GroupDAO.swift */ = {isa = PBXFileReference; lastKnownFileType = sourcecode.swift; path = GroupDAO.swift; sourceTree = "<group>"; };
		62FCE26D2277E7C100272AC5 /* FieldDAO.swift */ = {isa = PBXFileReference; lastKnownFileType = sourcecode.swift; path = FieldDAO.swift; sourceTree = "<group>"; };
		62FCE26F2277EBE200272AC5 /* GroupListWorker.swift */ = {isa = PBXFileReference; lastKnownFileType = sourcecode.swift; name = GroupListWorker.swift; path = ../GroupListWorker.swift; sourceTree = "<group>"; };
		62FCE2732277ED2700272AC5 /* GroupData.swift */ = {isa = PBXFileReference; lastKnownFileType = sourcecode.swift; path = GroupData.swift; sourceTree = "<group>"; };
		62FF3ED71BF65151006A134D /* UserItemPhotoCell.swift */ = {isa = PBXFileReference; fileEncoding = 4; lastKnownFileType = sourcecode.swift; path = UserItemPhotoCell.swift; sourceTree = "<group>"; };
		812C9AEA3E3A2DADFBB2578F /* Pods-Collecionarium.release.xcconfig */ = {isa = PBXFileReference; includeInIndex = 1; lastKnownFileType = text.xcconfig; name = "Pods-Collecionarium.release.xcconfig"; path = "Pods/Target Support Files/Pods-Collecionarium/Pods-Collecionarium.release.xcconfig"; sourceTree = "<group>"; };
		87ADA26F324D4D3A82C7FD33 /* Pods-Collecionarium.debug.xcconfig */ = {isa = PBXFileReference; includeInIndex = 1; lastKnownFileType = text.xcconfig; name = "Pods-Collecionarium.debug.xcconfig"; path = "Pods/Target Support Files/Pods-Collecionarium/Pods-Collecionarium.debug.xcconfig"; sourceTree = "<group>"; };
		C6848463C28391E389F79ABB /* Pods_Collecionarium.framework */ = {isa = PBXFileReference; explicitFileType = wrapper.framework; includeInIndex = 0; path = Pods_Collecionarium.framework; sourceTree = BUILT_PRODUCTS_DIR; };
/* End PBXFileReference section */

/* Begin PBXFrameworksBuildPhase section */
		62D61F501BE92B870058D1EF /* Frameworks */ = {
			isa = PBXFrameworksBuildPhase;
			buildActionMask = 2147483647;
			files = (
				8B6512BEF6168932A88AFA72 /* Pods_Collecionarium.framework in Frameworks */,
			);
			runOnlyForDeploymentPostprocessing = 0;
		};
/* End PBXFrameworksBuildPhase section */

/* Begin PBXGroup section */
		6212A96122786256009F60C8 /* Cells */ = {
			isa = PBXGroup;
			children = (
				6212A962227862B5009F60C8 /* GroupCell.swift */,
				6212A963227862B5009F60C8 /* GroupCell.xib */,
				628EEC6E228EF24600C3B48F /* GroupTypeCell.swift */,
				628EEC6F228EF24600C3B48F /* GroupTypeCell.xib */,
				6213C6BE2293763D00B27A07 /* FieldDetailsCell.swift */,
				6213C6BF2293763D00B27A07 /* FieldDetailsCell.xib */,
				6213C6C222937FF800B27A07 /* AddFieldCell.swift */,
				6213C6C322937FF800B27A07 /* AddFieldCell.xib */,
			);
			path = Cells;
			sourceTree = "<group>";
		};
		6213C6C8229384F400B27A07 /* AddField */ = {
			isa = PBXGroup;
			children = (
				62CA09D422938A2400D561DA /* AddFieldVC.swift */,
				62CA09DD22939D6000D561DA /* AddFieldRouter.swift */,
				62CA09E52293AAE300D561DA /* AddFieldConfigurator.swift */,
			);
			path = AddField;
			sourceTree = "<group>";
		};
		6217D5501BFA5FB9004D5E8E /* User */ = {
			isa = PBXGroup;
			children = (
				62D61FA51BE92DB70058D1EF /* LoginViewController.swift */,
				6217D54C1BFA4140004D5E8E /* SignUpTVC.swift */,
				6217D54E1BFA5FB1004D5E8E /* UserTVC.swift */,
			);
			name = User;
			sourceTree = "<group>";
		};
		625E596A2268F811003FFCEF /* Storyboard */ = {
			isa = PBXGroup;
			children = (
				625E596B2268F826003FFCEF /* Login.storyboard */,
				6212A96622786A02009F60C8 /* Collections.storyboard */,
				62CA09DF22939F9200D561DA /* Pickers.storyboard */,
			);
			path = Storyboard;
			sourceTree = "<group>";
		};
		626CF0B71BEC064200EBBA22 /* Custom Picker */ = {
			isa = PBXGroup;
			children = (
			);
			name = "Custom Picker";
			sourceTree = "<group>";
		};
		627632EC2267F68D00379B74 /* Scenes */ = {
			isa = PBXGroup;
			children = (
				62FCE2572276216B00272AC5 /* Collections */,
				627632ED2267F68D00379B74 /* Login */,
			);
			path = Scenes;
			sourceTree = "<group>";
		};
		627632ED2267F68D00379B74 /* Login */ = {
			isa = PBXGroup;
			children = (
				627632FE2267F6D000379B74 /* LoginConfigurator.swift */,
				627632FD2267F6D000379B74 /* LoginInteractor.swift */,
				627632F82267F6D000379B74 /* LoginPresenter.swift */,
				627632FA2267F6D000379B74 /* LoginRouter.swift */,
				627632FC2267F6D000379B74 /* LoginVC.swift */,
			);
			path = Login;
			sourceTree = "<group>";
		};
		628EEC5C228E3D3700C3B48F /* GroupType */ = {
			isa = PBXGroup;
			children = (
				628EEC5D228E3D4D00C3B48F /* GroupTypeVC.swift */,
				628EEC5F228E3D8800C3B48F /* GroupTypeInteractor.swift */,
				628EEC61228E3DB100C3B48F /* GroupTypePresenter.swift */,
				628EEC63228E3E1B00C3B48F /* GroupTypeRouter.swift */,
				628EEC65228E3ED600C3B48F /* GroupTypeConfigurator.swift */,
			);
			path = GroupType;
			sourceTree = "<group>";
		};
		628EEC69228E3FD500C3B48F /* Groups */ = {
			isa = PBXGroup;
			children = (
				62FCE26F2277EBE200272AC5 /* GroupListWorker.swift */,
				62903BB2228B9A2700D505A4 /* NewGroupWorker.swift */,
				628EEC67228E3FCE00C3B48F /* GroupTypeWorker.swift */,
			);
			path = Groups;
			sourceTree = "<group>";
		};
		628EEC6B228EEF0700C3B48F /* Helpers */ = {
			isa = PBXGroup;
			children = (
				628EEC6C228EEF1400C3B48F /* Color.swift */,
				6213C6C6229381A100B27A07 /* String.swift */,
			);
			path = Helpers;
			sourceTree = "<group>";
		};
		62903BA7228B96C100D505A4 /* NewGroup */ = {
			isa = PBXGroup;
			children = (
				62903BA8228B971700D505A4 /* NewGroupVC.swift */,
				62903BAA228B979200D505A4 /* NewGroupPresenter.swift */,
				62903BAC228B97D200D505A4 /* NewGroupInteractor.swift */,
				62903BAE228B980E00D505A4 /* NewGroupRouter.swift */,
				62903BB0228B989800D505A4 /* NewGroupConfigurator.swift */,
			);
			path = NewGroup;
			sourceTree = "<group>";
		};
		6297B0D22266C3430031F52B /* Model */ = {
			isa = PBXGroup;
			children = (
				62FCE2722277ECE800272AC5 /* Data */,
				62FCE2692276764000272AC5 /* CoreDataManager.swift */,
				62FCE266227674CC00272AC5 /* DAO */,
				6297B0D32266C3430031F52B /* Entity */,
				6297B0D52266C3DA0031F52B /* Collecionarium.xcdatamodeld */,
			);
			path = Model;
			sourceTree = "<group>";
		};
		6297B0D32266C3430031F52B /* Entity */ = {
			isa = PBXGroup;
			children = (
				6297B0EE2266C8050031F52B /* Group.swift */,
				6297B0DB2266C4680031F52B /* Field.swift */,
				6297B0DA2266C4680031F52B /* Item.swift */,
				6297B0D92266C4680031F52B /* Value.swift */,
			);
			path = Entity;
			sourceTree = "<group>";
		};
		62B927421BF3A12B000D02DF /* Events */ = {
			isa = PBXGroup;
			children = (
				62D61F8E1BE92DB70058D1EF /* TradeEventsTVC.swift */,
				62B9273E1BF39B42000D02DF /* NewsTVC.swift */,
			);
			name = Events;
			sourceTree = "<group>";
		};
		62B927431BF3A146000D02DF /* Collection Stream */ = {
			isa = PBXGroup;
			children = (
				62D61F871BE92DB70058D1EF /* CollectionsTableView.swift */,
				62D61FAD1BE92DB70058D1EF /* PredefinedCollectionsView.swift */,
				62D61FA61BE92DB70058D1EF /* NewCollectionTableView.swift */,
				62D61FA71BE92DB70058D1EF /* NewFieldTableView.swift */,
			);
			name = "Collection Stream";
			sourceTree = "<group>";
		};
		62B927441BF3A183000D02DF /* data */ = {
			isa = PBXGroup;
			children = (
				62D61FE91BE92DD30058D1EF /* Stack */,
			);
			name = data;
			sourceTree = "<group>";
		};
		62B927461BF3A279000D02DF /* Item Stream */ = {
			isa = PBXGroup;
			children = (
				62D61F9F1BE92DB70058D1EF /* ItemsCollectionView.swift */,
				62D61F8C1BE92DB70058D1EF /* DetailTableView.swift */,
				62D61FA91BE92DB70058D1EF /* PhotoDetails.swift */,
			);
			name = "Item Stream";
			sourceTree = "<group>";
		};
		62CA09D62293927100D561DA /* ChooseColor */ = {
			isa = PBXGroup;
			children = (
				62CA09D72293928000D561DA /* ChooseColorVC.swift */,
				62CA09D92293960700D561DA /* ChooseColorRouter.swift */,
				62CA09DB2293966E00D561DA /* ChooseColorConfigurator.swift */,
			);
			path = ChooseColor;
			sourceTree = "<group>";
		};
		62CA09E22293A48500D561DA /* Pickers */ = {
			isa = PBXGroup;
			children = (
				6215AACA1BFCE79B007ADC84 /* YearPickerVC.swift */,
				6215AACC1BFD0E4A007ADC84 /* DatePickerVC.swift */,
				62CA09E32293A49E00D561DA /* CustomPickerVC.swift */,
			);
			path = Pickers;
			sourceTree = "<group>";
		};
		62D61F4A1BE92B870058D1EF = {
			isa = PBXGroup;
			children = (
				62D61F551BE92B870058D1EF /* Collecionarium */,
				62D61F541BE92B870058D1EF /* Products */,
				EE6FBF817A63206956B292FC /* Pods */,
				8EBCD4FADBBEA47F1C88399E /* Frameworks */,
			);
			sourceTree = "<group>";
		};
		62D61F541BE92B870058D1EF /* Products */ = {
			isa = PBXGroup;
			children = (
				62D61F531BE92B870058D1EF /* Collecionarium.app */,
			);
			name = Products;
			sourceTree = "<group>";
		};
		62D61F551BE92B870058D1EF /* Collecionarium */ = {
			isa = PBXGroup;
			children = (
				62CA09E22293A48500D561DA /* Pickers */,
				628EEC6B228EEF0700C3B48F /* Helpers */,
				62D61F811BE92DB70058D1EF /* AppDelegate.swift */,
				62FCE2652276335D00272AC5 /* Workers */,
				6297B0D22266C3430031F52B /* Model */,
				627632EC2267F68D00379B74 /* Scenes */,
				6212A96122786256009F60C8 /* Cells */,
				625E596A2268F811003FFCEF /* Storyboard */,
				62D61F931BE92DB70058D1EF /* Hey.swift */,
				6222B33A1BEA692D00254324 /* DesignableView.swift */,
				62B927441BF3A183000D02DF /* data */,
				62D61FEB1BE92EC00058D1EF /* OldCells */,
				626CF0B71BEC064200EBBA22 /* Custom Picker */,
				62B927431BF3A146000D02DF /* Collection Stream */,
				62B927461BF3A279000D02DF /* Item Stream */,
				62B927421BF3A12B000D02DF /* Events */,
				6217D5501BFA5FB9004D5E8E /* User */,
				62B927401BF3A10F000D02DF /* SearchTVC.swift */,
				62F7EB2B1BF4F69100887DD3 /* UserCollectionVC.swift */,
				629A69441BF5240D0071CE6E /* UserItemVC.swift */,
				62FF3ED71BF65151006A134D /* UserItemPhotoCell.swift */,
				62D61FB21BE92DB70058D1EF /* Tutorial.swift */,
				62D61F821BE92DB70058D1EF /* Assets.xcassets */,
				627EFA2F1C06109500039BF5 /* AddNewFieldCell.xib */,
				627EFA331C06113200039BF5 /* Main.storyboard */,
				628EEC5A228E36C700C3B48F /* Groups.storyboard */,
				627EFA391C0611ED00039BF5 /* Items.storyboard */,
				627EFA2D1C06108B00039BF5 /* LaunchScreen.storyboard */,
				623FD4D11BF91D8300154E16 /* Info.plist */,
				62D61FEA1BE92E7E0058D1EF /* xib Cells */,
				62D613911C09ACCA006C2365 /* Localizable.strings */,
				627B538D226347440017FEAB /* GoogleService-Info.plist */,
			);
			path = Collecionarium;
			sourceTree = "<group>";
		};
		62D61FE91BE92DD30058D1EF /* Stack */ = {
			isa = PBXGroup;
			children = (
				62D61F6C1BE92BFB0058D1EF /* CollectionManager.swift */,
				62D61F6F1BE92BFB0058D1EF /* ItemManager.swift */,
				62D61F731BE92BFB0058D1EF /* PreDefCollectionManager.swift */,
			);
			name = Stack;
			sourceTree = "<group>";
		};
		62D61FEA1BE92E7E0058D1EF /* xib Cells */ = {
			isa = PBXGroup;
			children = (
				62D61F901BE92DB70058D1EF /* EventCell.xib */,
				62D61F841BE92DB70058D1EF /* Boolean.xib */,
				62D61F8A1BE92DB70058D1EF /* Date.xib */,
				62D613991C0B1DE2006C2365 /* Number.xib */,
				62D6139E1C0B1E07006C2365 /* String.xib */,
				62D61FB01BE92DB70058D1EF /* Text.xib */,
				62D613A31C0B1E50006C2365 /* Year.xib */,
			);
			name = "xib Cells";
			sourceTree = "<group>";
		};
		62D61FEB1BE92EC00058D1EF /* OldCells */ = {
			isa = PBXGroup;
			children = (
				62D61F9B1BE92DB70058D1EF /* ItemFieldDelegate.swift */,
				62D61FAB1BE92DB70058D1EF /* PhotosTableViewCell.swift */,
				62D61F9D1BE92DB70058D1EF /* ItemPhotoCell.swift */,
				62D61F8F1BE92DB70058D1EF /* EventCell.swift */,
				62D61F971BE92DB70058D1EF /* ItemCell.swift */,
				62D61FAC1BE92DB70058D1EF /* PreDefCell.swift */,
				62D61F801BE92DB70058D1EF /* AddNewFieldCell.swift */,
				62D61F881BE92DB70058D1EF /* CollNameCell.swift */,
				62D61F911BE92DB70058D1EF /* FieldNameCell.swift */,
				62D61F921BE92DB70058D1EF /* FieldTypeCell.swift */,
				62D61F961BE92DB70058D1EF /* ItemBoolCell.swift */,
				62D61F981BE92DB70058D1EF /* ItemDateCell.swift */,
				62D61F991BE92DB70058D1EF /* ItemDetailCell.swift */,
				62D61F9C1BE92DB70058D1EF /* ItemIntCell.swift */,
				62D61FA01BE92DB70058D1EF /* ItemStringCell.swift */,
				62D61FA11BE92DB70058D1EF /* ItemTextCell.swift */,
				62D61FA21BE92DB70058D1EF /* ItemYearCell.swift */,
				62D61FA31BE92DB70058D1EF /* ItemYearCell2.swift */,
				62D61FB11BE92DB70058D1EF /* TitleFieldCell.swift */,
				628BFDE51BF126A30005BB1D /* OnlineSwitchCell.swift */,
				628BFDE71BF127BA0005BB1D /* SharedSwitchCell.swift */,
			);
			name = OldCells;
			sourceTree = "<group>";
		};
		62FCE2572276216B00272AC5 /* Collections */ = {
			isa = PBXGroup;
			children = (
				62CA09D62293927100D561DA /* ChooseColor */,
				6213C6C8229384F400B27A07 /* AddField */,
				628EEC5C228E3D3700C3B48F /* GroupType */,
				62903BA7228B96C100D505A4 /* NewGroup */,
				62FCE258227621A300272AC5 /* GroupList */,
			);
			path = Collections;
			sourceTree = "<group>";
		};
		62FCE258227621A300272AC5 /* GroupList */ = {
			isa = PBXGroup;
			children = (
				62FCE259227621D000272AC5 /* GroupListVC.swift */,
				62FCE25B2276224100272AC5 /* GroupListInteractor.swift */,
				62FCE25D2276249C00272AC5 /* GroupListPresenter.swift */,
				62FCE25F227628DC00272AC5 /* GroupListRouter.swift */,
				62FCE261227630B900272AC5 /* GroupListConfigurator.swift */,
			);
			path = GroupList;
			sourceTree = "<group>";
		};
		62FCE2652276335D00272AC5 /* Workers */ = {
			isa = PBXGroup;
			children = (
				628EEC69228E3FD500C3B48F /* Groups */,
			);
			path = Workers;
			sourceTree = "<group>";
		};
		62FCE266227674CC00272AC5 /* DAO */ = {
			isa = PBXGroup;
			children = (
				62FCE267227674F400272AC5 /* BaseDAO.swift */,
				62FCE26B227698B500272AC5 /* GroupDAO.swift */,
				62FCE26D2277E7C100272AC5 /* FieldDAO.swift */,
			);
			path = DAO;
			sourceTree = "<group>";
		};
		62FCE2722277ECE800272AC5 /* Data */ = {
			isa = PBXGroup;
			children = (
				62FCE2732277ED2700272AC5 /* GroupData.swift */,
				6212A95B2277EE4B009F60C8 /* FieldData.swift */,
				6212A95F2277F1AA009F60C8 /* Transformer.swift */,
			);
			path = Data;
			sourceTree = "<group>";
		};
		8EBCD4FADBBEA47F1C88399E /* Frameworks */ = {
			isa = PBXGroup;
			children = (
				C6848463C28391E389F79ABB /* Pods_Collecionarium.framework */,
			);
			name = Frameworks;
			sourceTree = "<group>";
		};
		EE6FBF817A63206956B292FC /* Pods */ = {
			isa = PBXGroup;
			children = (
				87ADA26F324D4D3A82C7FD33 /* Pods-Collecionarium.debug.xcconfig */,
				812C9AEA3E3A2DADFBB2578F /* Pods-Collecionarium.release.xcconfig */,
			);
			name = Pods;
			sourceTree = "<group>";
		};
/* End PBXGroup section */

/* Begin PBXNativeTarget section */
		62D61F521BE92B870058D1EF /* Collecionarium */ = {
			isa = PBXNativeTarget;
			buildConfigurationList = 62D61F681BE92B880058D1EF /* Build configuration list for PBXNativeTarget "Collecionarium" */;
			buildPhases = (
				56F412ED8D7E1046DEAB0622 /* [CP] Check Pods Manifest.lock */,
				62D61F4F1BE92B870058D1EF /* Sources */,
				62D61F501BE92B870058D1EF /* Frameworks */,
				62D61F511BE92B870058D1EF /* Resources */,
				F435A4DA124AC59DF7541839 /* [CP] Embed Pods Frameworks */,
				627B539022637F350017FEAB /* Crashlytics */,
			);
			buildRules = (
			);
			dependencies = (
			);
			name = Collecionarium;
			productName = Collecionarium;
			productReference = 62D61F531BE92B870058D1EF /* Collecionarium.app */;
			productType = "com.apple.product-type.application";
		};
/* End PBXNativeTarget section */

/* Begin PBXProject section */
		62D61F4B1BE92B870058D1EF /* Project object */ = {
			isa = PBXProject;
			attributes = {
				LastSwiftUpdateCheck = 0710;
				LastUpgradeCheck = 0720;
				ORGANIZATIONNAME = Gondek;
				TargetAttributes = {
					62D61F521BE92B870058D1EF = {
						CreatedOnToolsVersion = 7.1;
						DevelopmentTeam = 7YCYVAN8PU;
						LastSwiftMigration = 1020;
						SystemCapabilities = {
							com.apple.InAppPurchase = {
								enabled = 0;
							};
							com.apple.iCloud = {
								enabled = 0;
							};
						};
					};
				};
			};
			buildConfigurationList = 62D61F4E1BE92B870058D1EF /* Build configuration list for PBXProject "Collecionarium" */;
			compatibilityVersion = "Xcode 3.2";
			developmentRegion = English;
			hasScannedForEncodings = 0;
			knownRegions = (
				English,
				"pt-BR",
				Base,
			);
			mainGroup = 62D61F4A1BE92B870058D1EF;
			productRefGroup = 62D61F541BE92B870058D1EF /* Products */;
			projectDirPath = "";
			projectRoot = "";
			targets = (
				62D61F521BE92B870058D1EF /* Collecionarium */,
			);
		};
/* End PBXProject section */

/* Begin PBXResourcesBuildPhase section */
		62D61F511BE92B870058D1EF /* Resources */ = {
			isa = PBXResourcesBuildPhase;
			buildActionMask = 2147483647;
			files = (
				627EFA311C06113200039BF5 /* Main.storyboard in Resources */,
				627EFA301C06109500039BF5 /* AddNewFieldCell.xib in Resources */,
				62D6138F1C09ACCA006C2365 /* Localizable.strings in Resources */,
				62D613A11C0B1E50006C2365 /* Year.xib in Resources */,
				627EFA2E1C06108B00039BF5 /* LaunchScreen.storyboard in Resources */,
				62D613971C0B1DE2006C2365 /* Number.xib in Resources */,
				627EFA371C0611ED00039BF5 /* Items.storyboard in Resources */,
				62D6139C1C0B1E07006C2365 /* String.xib in Resources */,
				62CA09E022939F9200D561DA /* Pickers.storyboard in Resources */,
				6213C6C522937FF800B27A07 /* AddFieldCell.xib in Resources */,
				625E596C2268F826003FFCEF /* Login.storyboard in Resources */,
				62D61FC41BE92DB70058D1EF /* EventCell.xib in Resources */,
				62D61FB91BE92DB70058D1EF /* Boolean.xib in Resources */,
				6212A965227862B5009F60C8 /* GroupCell.xib in Resources */,
				62D61FB71BE92DB70058D1EF /* Assets.xcassets in Resources */,
				62D61FBE1BE92DB70058D1EF /* Date.xib in Resources */,
				628EEC5B228E36C700C3B48F /* Groups.storyboard in Resources */,
				6213C6C12293763D00B27A07 /* FieldDetailsCell.xib in Resources */,
				628EEC71228EF24600C3B48F /* GroupTypeCell.xib in Resources */,
				62D61FE41BE92DB70058D1EF /* Text.xib in Resources */,
				6212A96722786A02009F60C8 /* Collections.storyboard in Resources */,
				627B538E226347440017FEAB /* GoogleService-Info.plist in Resources */,
			);
			runOnlyForDeploymentPostprocessing = 0;
		};
/* End PBXResourcesBuildPhase section */

/* Begin PBXShellScriptBuildPhase section */
		56F412ED8D7E1046DEAB0622 /* [CP] Check Pods Manifest.lock */ = {
			isa = PBXShellScriptBuildPhase;
			buildActionMask = 2147483647;
			files = (
			);
			inputFileListPaths = (
			);
			inputPaths = (
				"${PODS_PODFILE_DIR_PATH}/Podfile.lock",
				"${PODS_ROOT}/Manifest.lock",
			);
			name = "[CP] Check Pods Manifest.lock";
			outputFileListPaths = (
			);
			outputPaths = (
				"$(DERIVED_FILE_DIR)/Pods-Collecionarium-checkManifestLockResult.txt",
			);
			runOnlyForDeploymentPostprocessing = 0;
			shellPath = /bin/sh;
			shellScript = "diff \"${PODS_PODFILE_DIR_PATH}/Podfile.lock\" \"${PODS_ROOT}/Manifest.lock\" > /dev/null\nif [ $? != 0 ] ; then\n    # print error to STDERR\n    echo \"error: The sandbox is not in sync with the Podfile.lock. Run 'pod install' or update your CocoaPods installation.\" >&2\n    exit 1\nfi\n# This output is used by Xcode 'outputs' to avoid re-running this script phase.\necho \"SUCCESS\" > \"${SCRIPT_OUTPUT_FILE_0}\"\n";
			showEnvVarsInLog = 0;
		};
		627B539022637F350017FEAB /* Crashlytics */ = {
			isa = PBXShellScriptBuildPhase;
			buildActionMask = 2147483647;
			files = (
			);
			inputFileListPaths = (
			);
			inputPaths = (
				"$(BUILT_PRODUCTS_DIR)/$(INFOPLIST_PATH)",
			);
			name = Crashlytics;
			outputFileListPaths = (
			);
			outputPaths = (
			);
			runOnlyForDeploymentPostprocessing = 0;
			shellPath = /bin/sh;
			shellScript = "# Type a script or drag a script file from your workspace to insert its path.\n\"${PODS_ROOT}/Fabric/run\" ea3e234e07314846d45b2919e38b625a4ffed334 49ec0d82c21549a45e33479fd94edcc74732df3051e3bcc34561b87014c1c779\n";
		};
		F435A4DA124AC59DF7541839 /* [CP] Embed Pods Frameworks */ = {
			isa = PBXShellScriptBuildPhase;
			buildActionMask = 2147483647;
			files = (
			);
			inputFileListPaths = (
			);
			inputPaths = (
				"${PODS_ROOT}/Target Support Files/Pods-Collecionarium/Pods-Collecionarium-frameworks.sh",
				"${BUILT_PRODUCTS_DIR}/GoogleUtilities/GoogleUtilities.framework",
				"${BUILT_PRODUCTS_DIR}/Kingfisher/Kingfisher.framework",
				"${BUILT_PRODUCTS_DIR}/nanopb/nanopb.framework",
			);
			name = "[CP] Embed Pods Frameworks";
			outputFileListPaths = (
			);
			outputPaths = (
				"${TARGET_BUILD_DIR}/${FRAMEWORKS_FOLDER_PATH}/GoogleUtilities.framework",
				"${TARGET_BUILD_DIR}/${FRAMEWORKS_FOLDER_PATH}/Kingfisher.framework",
				"${TARGET_BUILD_DIR}/${FRAMEWORKS_FOLDER_PATH}/nanopb.framework",
			);
			runOnlyForDeploymentPostprocessing = 0;
			shellPath = /bin/sh;
			shellScript = "\"${PODS_ROOT}/Target Support Files/Pods-Collecionarium/Pods-Collecionarium-frameworks.sh\"\n";
			showEnvVarsInLog = 0;
		};
/* End PBXShellScriptBuildPhase section */

/* Begin PBXSourcesBuildPhase section */
		62D61F4F1BE92B870058D1EF /* Sources */ = {
			isa = PBXSourcesBuildPhase;
			buildActionMask = 2147483647;
			files = (
				6213C6C7229381A100B27A07 /* String.swift in Sources */,
				628EEC64228E3E1B00C3B48F /* GroupTypeRouter.swift in Sources */,
				62F7EB2C1BF4F69100887DD3 /* UserCollectionVC.swift in Sources */,
				629A69451BF5240D0071CE6E /* UserItemVC.swift in Sources */,
				62D61FDD1BE92DB70058D1EF /* PhotoDetails.swift in Sources */,
				62D61FCB1BE92DB70058D1EF /* ItemCell.swift in Sources */,
				6212A9602277F1AA009F60C8 /* Transformer.swift in Sources */,
				62FCE262227630B900272AC5 /* GroupListConfigurator.swift in Sources */,
				628EEC62228E3DB100C3B48F /* GroupTypePresenter.swift in Sources */,
				628EEC60228E3D8800C3B48F /* GroupTypeInteractor.swift in Sources */,
				62B9273F1BF39B42000D02DF /* NewsTVC.swift in Sources */,
				6213C6C422937FF800B27A07 /* AddFieldCell.swift in Sources */,
				6222B33B1BEA692D00254324 /* DesignableView.swift in Sources */,
				628EEC66228E3ED600C3B48F /* GroupTypeConfigurator.swift in Sources */,
				62903BB3228B9A2700D505A4 /* NewGroupWorker.swift in Sources */,
				628EEC5E228E3D4D00C3B48F /* GroupTypeVC.swift in Sources */,
				6213C6C02293763D00B27A07 /* FieldDetailsCell.swift in Sources */,
				62CA09D522938A2400D561DA /* AddFieldVC.swift in Sources */,
				62D61FB61BE92DB70058D1EF /* AppDelegate.swift in Sources */,
				6297B0E52266C4680031F52B /* Field.swift in Sources */,
				62FCE25A227621D000272AC5 /* GroupListVC.swift in Sources */,
				62D61FDB1BE92DB70058D1EF /* NewFieldTableView.swift in Sources */,
				62D61FD01BE92DB70058D1EF /* ItemIntCell.swift in Sources */,
				628BFDE81BF127BA0005BB1D /* SharedSwitchCell.swift in Sources */,
				62FCE25E2276249C00272AC5 /* GroupListPresenter.swift in Sources */,
				62CA09DA2293960700D561DA /* ChooseColorRouter.swift in Sources */,
				62903BB1228B989800D505A4 /* NewGroupConfigurator.swift in Sources */,
				62FCE26C227698B500272AC5 /* GroupDAO.swift in Sources */,
				62D61FC51BE92DB70058D1EF /* FieldNameCell.swift in Sources */,
				62CA09E42293A49E00D561DA /* CustomPickerVC.swift in Sources */,
				627633042267F6D000379B74 /* LoginInteractor.swift in Sources */,
				627632FF2267F6D000379B74 /* LoginPresenter.swift in Sources */,
				62D61FC31BE92DB70058D1EF /* EventCell.swift in Sources */,
				62D61FB51BE92DB70058D1EF /* AddNewFieldCell.swift in Sources */,
				62903BA9228B971700D505A4 /* NewGroupVC.swift in Sources */,
				6215AACD1BFD0E4A007ADC84 /* DatePickerVC.swift in Sources */,
				627633052267F6D000379B74 /* LoginConfigurator.swift in Sources */,
				62D61FDA1BE92DB70058D1EF /* NewCollectionTableView.swift in Sources */,
				62D61FD11BE92DB70058D1EF /* ItemPhotoCell.swift in Sources */,
				628EEC6D228EEF1400C3B48F /* Color.swift in Sources */,
				62D61FE61BE92DB70058D1EF /* Tutorial.swift in Sources */,
				62D61FCF1BE92DB70058D1EF /* ItemFieldDelegate.swift in Sources */,
				62D61FBB1BE92DB70058D1EF /* CollectionsTableView.swift in Sources */,
				62D61FC61BE92DB70058D1EF /* FieldTypeCell.swift in Sources */,
				62D61FCD1BE92DB70058D1EF /* ItemDetailCell.swift in Sources */,
				6217D54D1BFA4140004D5E8E /* SignUpTVC.swift in Sources */,
				62903BAD228B97D200D505A4 /* NewGroupInteractor.swift in Sources */,
				6297B0E32266C4680031F52B /* Value.swift in Sources */,
				62D61FD51BE92DB70058D1EF /* ItemTextCell.swift in Sources */,
				6297B0D72266C3DA0031F52B /* Collecionarium.xcdatamodeld in Sources */,
				628EEC68228E3FCE00C3B48F /* GroupTypeWorker.swift in Sources */,
				62FCE2742277ED2700272AC5 /* GroupData.swift in Sources */,
				6212A964227862B5009F60C8 /* GroupCell.swift in Sources */,
				6215AACB1BFCE79B007ADC84 /* YearPickerVC.swift in Sources */,
				62903BAF228B980E00D505A4 /* NewGroupRouter.swift in Sources */,
				62CA09DC2293966E00D561DA /* ChooseColorConfigurator.swift in Sources */,
				62FF3ED81BF65151006A134D /* UserItemPhotoCell.swift in Sources */,
				62D61FD31BE92DB70058D1EF /* ItemsCollectionView.swift in Sources */,
				6297B0E42266C4680031F52B /* Item.swift in Sources */,
				62903BAB228B979200D505A4 /* NewGroupPresenter.swift in Sources */,
				628BFDE61BF126A30005BB1D /* OnlineSwitchCell.swift in Sources */,
				62D61F781BE92BFB0058D1EF /* ItemManager.swift in Sources */,
				627633032267F6D000379B74 /* LoginVC.swift in Sources */,
				62FCE260227628DC00272AC5 /* GroupListRouter.swift in Sources */,
				6297B0EF2266C8050031F52B /* Group.swift in Sources */,
				62D61FE51BE92DB70058D1EF /* TitleFieldCell.swift in Sources */,
				6212A95C2277EE4B009F60C8 /* FieldData.swift in Sources */,
				62FCE2702277EBE200272AC5 /* GroupListWorker.swift in Sources */,
				62D61FCA1BE92DB70058D1EF /* ItemBoolCell.swift in Sources */,
				62D61FBC1BE92DB70058D1EF /* CollNameCell.swift in Sources */,
				62FCE268227674F400272AC5 /* BaseDAO.swift in Sources */,
				62CA09E62293AAE300D561DA /* AddFieldConfigurator.swift in Sources */,
				62FCE26E2277E7C100272AC5 /* FieldDAO.swift in Sources */,
				62FCE25C2276224100272AC5 /* GroupListInteractor.swift in Sources */,
				62FCE26A2276764000272AC5 /* CoreDataManager.swift in Sources */,
				62D61FD91BE92DB70058D1EF /* LoginViewController.swift in Sources */,
				62D61FD71BE92DB70058D1EF /* ItemYearCell2.swift in Sources */,
				628EEC70228EF24600C3B48F /* GroupTypeCell.swift in Sources */,
				62B927411BF3A10F000D02DF /* SearchTVC.swift in Sources */,
				62D61FC21BE92DB70058D1EF /* TradeEventsTVC.swift in Sources */,
				62D61FD41BE92DB70058D1EF /* ItemStringCell.swift in Sources */,
				62CA09D82293928000D561DA /* ChooseColorVC.swift in Sources */,
				62D61FC01BE92DB70058D1EF /* DetailTableView.swift in Sources */,
				62D61FCC1BE92DB70058D1EF /* ItemDateCell.swift in Sources */,
				62D61FDF1BE92DB70058D1EF /* PhotosTableViewCell.swift in Sources */,
				62D61FE01BE92DB70058D1EF /* PreDefCell.swift in Sources */,
				62D61F751BE92BFB0058D1EF /* CollectionManager.swift in Sources */,
				62CA09DE22939D6000D561DA /* AddFieldRouter.swift in Sources */,
				6217D54F1BFA5FB1004D5E8E /* UserTVC.swift in Sources */,
				62D61FD61BE92DB70058D1EF /* ItemYearCell.swift in Sources */,
				62D61F7C1BE92BFB0058D1EF /* PreDefCollectionManager.swift in Sources */,
				62D61FE11BE92DB70058D1EF /* PredefinedCollectionsView.swift in Sources */,
				627633012267F6D000379B74 /* LoginRouter.swift in Sources */,
				62D61FC71BE92DB70058D1EF /* Hey.swift in Sources */,
			);
			runOnlyForDeploymentPostprocessing = 0;
		};
/* End PBXSourcesBuildPhase section */

/* Begin PBXVariantGroup section */
		627EFA331C06113200039BF5 /* Main.storyboard */ = {
			isa = PBXVariantGroup;
			children = (
				627EFA351C06119C00039BF5 /* Base */,
				62D613941C0B1B99006C2365 /* pt-BR */,
			);
			name = Main.storyboard;
			sourceTree = "<group>";
		};
		627EFA391C0611ED00039BF5 /* Items.storyboard */ = {
			isa = PBXVariantGroup;
			children = (
				627EFA381C0611ED00039BF5 /* Base */,
				62D613961C0B1D3E006C2365 /* pt-BR */,
			);
			name = Items.storyboard;
			sourceTree = "<group>";
		};
		62D613911C09ACCA006C2365 /* Localizable.strings */ = {
			isa = PBXVariantGroup;
			children = (
				62D613901C09ACCA006C2365 /* Base */,
				62D613921C09ACCC006C2365 /* pt-BR */,
			);
			name = Localizable.strings;
			sourceTree = "<group>";
		};
		62D613991C0B1DE2006C2365 /* Number.xib */ = {
			isa = PBXVariantGroup;
			children = (
				62D613981C0B1DE2006C2365 /* Base */,
				62D6139B1C0B1DE4006C2365 /* pt-BR */,
			);
			name = Number.xib;
			sourceTree = "<group>";
		};
		62D6139E1C0B1E07006C2365 /* String.xib */ = {
			isa = PBXVariantGroup;
			children = (
				62D6139D1C0B1E07006C2365 /* Base */,
				62D613A01C0B1E10006C2365 /* pt-BR */,
			);
			name = String.xib;
			sourceTree = "<group>";
		};
		62D613A31C0B1E50006C2365 /* Year.xib */ = {
			isa = PBXVariantGroup;
			children = (
				62D613A21C0B1E50006C2365 /* Base */,
				62D613A51C0B1E53006C2365 /* pt-BR */,
			);
			name = Year.xib;
			sourceTree = "<group>";
		};
/* End PBXVariantGroup section */

/* Begin XCBuildConfiguration section */
		62D61F661BE92B880058D1EF /* Debug */ = {
			isa = XCBuildConfiguration;
			buildSettings = {
				ALWAYS_SEARCH_USER_PATHS = NO;
				CLANG_CXX_LANGUAGE_STANDARD = "gnu++0x";
				CLANG_CXX_LIBRARY = "libc++";
				CLANG_ENABLE_MODULES = YES;
				CLANG_ENABLE_OBJC_ARC = YES;
				CLANG_WARN_BOOL_CONVERSION = YES;
				CLANG_WARN_CONSTANT_CONVERSION = YES;
				CLANG_WARN_DIRECT_OBJC_ISA_USAGE = YES_ERROR;
				CLANG_WARN_EMPTY_BODY = YES;
				CLANG_WARN_ENUM_CONVERSION = YES;
				CLANG_WARN_INT_CONVERSION = YES;
				CLANG_WARN_OBJC_ROOT_CLASS = YES_ERROR;
				CLANG_WARN_UNREACHABLE_CODE = YES;
				CLANG_WARN__DUPLICATE_METHOD_MATCH = YES;
				"CODE_SIGN_IDENTITY[sdk=iphoneos*]" = "iPhone Developer";
				COPY_PHASE_STRIP = NO;
				DEBUG_INFORMATION_FORMAT = dwarf;
				ENABLE_BITCODE = NO;
				ENABLE_STRICT_OBJC_MSGSEND = YES;
				ENABLE_TESTABILITY = YES;
				GCC_C_LANGUAGE_STANDARD = gnu99;
				GCC_DYNAMIC_NO_PIC = NO;
				GCC_NO_COMMON_BLOCKS = YES;
				GCC_OPTIMIZATION_LEVEL = 0;
				GCC_PREPROCESSOR_DEFINITIONS = (
					"DEBUG=1",
					"$(inherited)",
				);
				GCC_WARN_64_TO_32_BIT_CONVERSION = YES;
				GCC_WARN_ABOUT_RETURN_TYPE = YES_ERROR;
				GCC_WARN_UNDECLARED_SELECTOR = YES;
				GCC_WARN_UNINITIALIZED_AUTOS = YES_AGGRESSIVE;
				GCC_WARN_UNUSED_FUNCTION = YES;
				GCC_WARN_UNUSED_VARIABLE = YES;
				IPHONEOS_DEPLOYMENT_TARGET = 11.0;
				MTL_ENABLE_DEBUG_INFO = YES;
				ONLY_ACTIVE_ARCH = YES;
				SDKROOT = iphoneos;
				SWIFT_OPTIMIZATION_LEVEL = "-Onone";
				SWIFT_VERSION = 5.0;
				TARGETED_DEVICE_FAMILY = "1,2";
			};
			name = Debug;
		};
		62D61F671BE92B880058D1EF /* Release */ = {
			isa = XCBuildConfiguration;
			buildSettings = {
				ALWAYS_SEARCH_USER_PATHS = NO;
				CLANG_CXX_LANGUAGE_STANDARD = "gnu++0x";
				CLANG_CXX_LIBRARY = "libc++";
				CLANG_ENABLE_MODULES = YES;
				CLANG_ENABLE_OBJC_ARC = YES;
				CLANG_WARN_BOOL_CONVERSION = YES;
				CLANG_WARN_CONSTANT_CONVERSION = YES;
				CLANG_WARN_DIRECT_OBJC_ISA_USAGE = YES_ERROR;
				CLANG_WARN_EMPTY_BODY = YES;
				CLANG_WARN_ENUM_CONVERSION = YES;
				CLANG_WARN_INT_CONVERSION = YES;
				CLANG_WARN_OBJC_ROOT_CLASS = YES_ERROR;
				CLANG_WARN_UNREACHABLE_CODE = YES;
				CLANG_WARN__DUPLICATE_METHOD_MATCH = YES;
				"CODE_SIGN_IDENTITY[sdk=iphoneos*]" = "iPhone Developer";
				COPY_PHASE_STRIP = NO;
				DEBUG_INFORMATION_FORMAT = "dwarf-with-dsym";
				ENABLE_BITCODE = NO;
				ENABLE_NS_ASSERTIONS = NO;
				ENABLE_STRICT_OBJC_MSGSEND = YES;
				GCC_C_LANGUAGE_STANDARD = gnu99;
				GCC_NO_COMMON_BLOCKS = YES;
				GCC_WARN_64_TO_32_BIT_CONVERSION = YES;
				GCC_WARN_ABOUT_RETURN_TYPE = YES_ERROR;
				GCC_WARN_UNDECLARED_SELECTOR = YES;
				GCC_WARN_UNINITIALIZED_AUTOS = YES_AGGRESSIVE;
				GCC_WARN_UNUSED_FUNCTION = YES;
				GCC_WARN_UNUSED_VARIABLE = YES;
				IPHONEOS_DEPLOYMENT_TARGET = 11.0;
				MTL_ENABLE_DEBUG_INFO = NO;
				SDKROOT = iphoneos;
				SWIFT_VERSION = 5.0;
				TARGETED_DEVICE_FAMILY = "1,2";
				VALIDATE_PRODUCT = YES;
			};
			name = Release;
		};
		62D61F691BE92B880058D1EF /* Debug */ = {
			isa = XCBuildConfiguration;
			baseConfigurationReference = 87ADA26F324D4D3A82C7FD33 /* Pods-Collecionarium.debug.xcconfig */;
			buildSettings = {
				ASSETCATALOG_COMPILER_APPICON_NAME = AppIcon;
				CLANG_ENABLE_MODULES = YES;
				CODE_SIGN_ENTITLEMENTS = Collecionarium/Collecionarium.entitlements;
				CODE_SIGN_IDENTITY = "iPhone Developer";
				"CODE_SIGN_IDENTITY[sdk=iphoneos*]" = "iPhone Developer";
				DEVELOPMENT_TEAM = 7YCYVAN8PU;
				FRAMEWORK_SEARCH_PATHS = (
					"$(inherited)",
					"$(PROJECT_DIR)",
				);
				INFOPLIST_FILE = Collecionarium/Info.plist;
				IPHONEOS_DEPLOYMENT_TARGET = 11.0;
				LD_RUNPATH_SEARCH_PATHS = "$(inherited) @executable_path/Frameworks";
				PRODUCT_BUNDLE_IDENTIFIER = com.gondekr.collecionarium;
				PRODUCT_NAME = "$(TARGET_NAME)";
				PROVISIONING_PROFILE = "";
				SWIFT_OPTIMIZATION_LEVEL = "-Onone";
				SWIFT_VERSION = 5.0;
			};
			name = Debug;
		};
		62D61F6A1BE92B880058D1EF /* Release */ = {
			isa = XCBuildConfiguration;
			baseConfigurationReference = 812C9AEA3E3A2DADFBB2578F /* Pods-Collecionarium.release.xcconfig */;
			buildSettings = {
				ASSETCATALOG_COMPILER_APPICON_NAME = AppIcon;
				CLANG_ENABLE_MODULES = YES;
				CODE_SIGN_ENTITLEMENTS = Collecionarium/Collecionarium.entitlements;
				CODE_SIGN_IDENTITY = "iPhone Developer";
				"CODE_SIGN_IDENTITY[sdk=iphoneos*]" = "iPhone Developer";
				DEVELOPMENT_TEAM = 7YCYVAN8PU;
				FRAMEWORK_SEARCH_PATHS = (
					"$(inherited)",
					"$(PROJECT_DIR)",
				);
				INFOPLIST_FILE = Collecionarium/Info.plist;
				IPHONEOS_DEPLOYMENT_TARGET = 11.0;
				LD_RUNPATH_SEARCH_PATHS = "$(inherited) @executable_path/Frameworks";
				PRODUCT_BUNDLE_IDENTIFIER = com.gondekr.collecionarium;
				PRODUCT_NAME = "$(TARGET_NAME)";
				PROVISIONING_PROFILE = "";
				SWIFT_VERSION = 5.0;
			};
			name = Release;
		};
/* End XCBuildConfiguration section */

/* Begin XCConfigurationList section */
		62D61F4E1BE92B870058D1EF /* Build configuration list for PBXProject "Collecionarium" */ = {
			isa = XCConfigurationList;
			buildConfigurations = (
				62D61F661BE92B880058D1EF /* Debug */,
				62D61F671BE92B880058D1EF /* Release */,
			);
			defaultConfigurationIsVisible = 0;
			defaultConfigurationName = Release;
		};
		62D61F681BE92B880058D1EF /* Build configuration list for PBXNativeTarget "Collecionarium" */ = {
			isa = XCConfigurationList;
			buildConfigurations = (
				62D61F691BE92B880058D1EF /* Debug */,
				62D61F6A1BE92B880058D1EF /* Release */,
			);
			defaultConfigurationIsVisible = 0;
			defaultConfigurationName = Release;
		};
/* End XCConfigurationList section */

/* Begin XCVersionGroup section */
		6297B0D52266C3DA0031F52B /* Collecionarium.xcdatamodeld */ = {
			isa = XCVersionGroup;
			children = (
				6297B0D62266C3DA0031F52B /* Collecionarium.xcdatamodel */,
			);
			currentVersion = 6297B0D62266C3DA0031F52B /* Collecionarium.xcdatamodel */;
			path = Collecionarium.xcdatamodeld;
			sourceTree = "<group>";
			versionGroupType = wrapper.xcdatamodel;
		};
/* End XCVersionGroup section */
	};
	rootObject = 62D61F4B1BE92B870058D1EF /* Project object */;
}
